
Microsoft Visual Studio Solution File, Format Version 12.00
# Visual Studio Version 17
VisualStudioVersion = 17.1.32421.90
MinimumVisualStudioVersion = 10.0.40219.1
Project("{FAE04EC0-301F-11D3-BF4B-00C04F79EFBC}") = "GoogleApis.Blazor", "GoogleApis.Blazor\GoogleApis.Blazor.csproj", "{7460C3F8-290E-4920-AE79-857E37DA1BBD}"
EndProject
Global
	GlobalSection(SolutionConfigurationPlatforms) = preSolution
		Debug|Any CPU = Debug|Any CPU
		Release|Any CPU = Release|Any CPU
	EndGlobalSection
	GlobalSection(ProjectConfigurationPlatforms) = postSolution
		{7460C3F8-290E-4920-AE79-857E37DA1BBD}.Debug|Any CPU.ActiveCfg = Debug|Any CPU
		{7460C3F8-290E-4920-AE79-857E37DA1BBD}.Debug|Any CPU.Build.0 = Debug|Any CPU
		{7460C3F8-290E-4920-AE79-857E37DA1BBD}.Release|Any CPU.ActiveCfg = Release|Any CPU
		{7460C3F8-290E-4920-AE79-857E37DA1BBD}.Release|Any CPU.Build.0 = Release|Any CPU
	EndGlobalSection
	GlobalSection(SolutionProperties) = preSolution
		HideSolutionNode = FALSE
	EndGlobalSection
	GlobalSection(ExtensibilityGlobals) = postSolution
		SolutionGuid = {D439B68B-2B00-47D1-9D95-AA571BE5853D}
	EndGlobalSection
EndGlobal
